
Microsoft Visual Studio Solution File, Format Version 12.00
Project("{FAE04EC0-301F-11D3-BF4B-00C04F79EFBC}") = "ScrumBot", "ScrumBot\ScrumBot.csproj", "{6B9BE388-E355-4826-9029-74E135C4CF00}"
EndProject
Project("{FAE04EC0-301F-11D3-BF4B-00C04F79EFBC}") = "ScrumBot.Tests", "ScrumBot.Tests\ScrumBot.Tests.csproj", "{7614EE90-CEF1-4DEF-AEEF-88D0EA36576E}"
EndProject
Global
	GlobalSection(SolutionConfigurationPlatforms) = preSolution
		Debug|Any CPU = Debug|Any CPU
		Release|Any CPU = Release|Any CPU
	EndGlobalSection
	GlobalSection(ProjectConfigurationPlatforms) = postSolution
		{6B9BE388-E355-4826-9029-74E135C4CF00}.Debug|Any CPU.ActiveCfg = Debug|Any CPU
		{6B9BE388-E355-4826-9029-74E135C4CF00}.Debug|Any CPU.Build.0 = Debug|Any CPU
		{6B9BE388-E355-4826-9029-74E135C4CF00}.Release|Any CPU.ActiveCfg = Release|Any CPU
		{6B9BE388-E355-4826-9029-74E135C4CF00}.Release|Any CPU.Build.0 = Release|Any CPU
		{7614EE90-CEF1-4DEF-AEEF-88D0EA36576E}.Debug|Any CPU.ActiveCfg = Debug|Any CPU
		{7614EE90-CEF1-4DEF-AEEF-88D0EA36576E}.Debug|Any CPU.Build.0 = Debug|Any CPU
		{7614EE90-CEF1-4DEF-AEEF-88D0EA36576E}.Release|Any CPU.ActiveCfg = Release|Any CPU
		{7614EE90-CEF1-4DEF-AEEF-88D0EA36576E}.Release|Any CPU.Build.0 = Release|Any CPU
	EndGlobalSection
EndGlobal
